
Microsoft Visual Studio Solution File, Format Version 12.00
# Visual Studio Version 17
VisualStudioVersion = 17.0.31903.59
MinimumVisualStudioVersion = 10.0.40219.1
Project("{2150E333-8FDC-42A3-9474-1A3956D46DE8}") = "MainApp", "MainApp", "{A61A5798-EB89-40BD-9634-B8343FD242EE}"
EndProject
Project("{FAE04EC0-301F-11D3-BF4B-00C04F79EFBC}") = "UniversalCarShop.Entities", "MainApp\UniversalCarShop.Entities\UniversalCarShop.Entities.csproj", "{DE3463B1-4D9F-4AD5-89FC-9F6055724566}"
EndProject
Project("{FAE04EC0-301F-11D3-BF4B-00C04F79EFBC}") = "UniversalCarShop.Infrastructure", "MainApp\UniversalCarShop.Infrastructure\UniversalCarShop.Infrastructure.csproj", "{F8A57B41-348A-4718-AE36-FDEF50CB45F2}"
EndProject
Project("{FAE04EC0-301F-11D3-BF4B-00C04F79EFBC}") = "UniversalCarShop.UseCases", "MainApp\UniversalCarShop.UseCases\UniversalCarShop.UseCases.csproj", "{FC483C5A-3AF6-4187-A923-3031869AB23A}"
EndProject
Project("{FAE04EC0-301F-11D3-BF4B-00C04F79EFBC}") = "UniversalCarShop.Web", "MainApp\UniversalCarShop.Web\UniversalCarShop.Web.csproj", "{64C32F53-2DE4-4293-9787-65A22FE3B58D}"
EndProject
Project("{2150E333-8FDC-42A3-9474-1A3956D46DE8}") = "ReportService", "ReportService", "{D5CF31B7-321B-41A9-8FC0-BAE2DABD6AFB}"
EndProject
Project("{FAE04EC0-301F-11D3-BF4B-00C04F79EFBC}") = "ReportService.Entities", "ReportService\ReportService.Entities\ReportService.Entities.csproj", "{F21CB343-1C68-4BE0-89EC-5FBCD702C7AB}"
EndProject
Project("{FAE04EC0-301F-11D3-BF4B-00C04F79EFBC}") = "ReportService.UseCases", "ReportService\ReportService.UseCases\ReportService.UseCases.csproj", "{D80104C0-2D71-412E-AB44-8D1309586354}"
EndProject
Project("{FAE04EC0-301F-11D3-BF4B-00C04F79EFBC}") = "ReportService.Infrastructure", "ReportService\ReportService.Infrastructure\ReportService.Infrastructure.csproj", "{0857ACEB-1BE5-4F13-BBF5-D4255744E608}"
EndProject
Project("{FAE04EC0-301F-11D3-BF4B-00C04F79EFBC}") = "ReportService.Web", "ReportService\ReportService.Web\ReportService.Web.csproj", "{2F4EAE3E-35FF-40BF-B0D4-02602D04A19F}"
EndProject
Global
	GlobalSection(SolutionProperties) = preSolution
		HideSolutionNode = FALSE
	EndGlobalSection
	GlobalSection(SolutionConfigurationPlatforms) = preSolution
		Debug|Any CPU = Debug|Any CPU
		Debug|x64 = Debug|x64
		Debug|x86 = Debug|x86
		Release|Any CPU = Release|Any CPU
		Release|x64 = Release|x64
		Release|x86 = Release|x86
	EndGlobalSection
	GlobalSection(ProjectConfigurationPlatforms) = postSolution
		{DE3463B1-4D9F-4AD5-89FC-9F6055724566}.Debug|Any CPU.ActiveCfg = Debug|Any CPU
		{DE3463B1-4D9F-4AD5-89FC-9F6055724566}.Debug|Any CPU.Build.0 = Debug|Any CPU
		{DE3463B1-4D9F-4AD5-89FC-9F6055724566}.Debug|x64.ActiveCfg = Debug|Any CPU
		{DE3463B1-4D9F-4AD5-89FC-9F6055724566}.Debug|x64.Build.0 = Debug|Any CPU
		{DE3463B1-4D9F-4AD5-89FC-9F6055724566}.Debug|x86.ActiveCfg = Debug|Any CPU
		{DE3463B1-4D9F-4AD5-89FC-9F6055724566}.Debug|x86.Build.0 = Debug|Any CPU
		{DE3463B1-4D9F-4AD5-89FC-9F6055724566}.Release|Any CPU.ActiveCfg = Release|Any CPU
		{DE3463B1-4D9F-4AD5-89FC-9F6055724566}.Release|Any CPU.Build.0 = Release|Any CPU
		{DE3463B1-4D9F-4AD5-89FC-9F6055724566}.Release|x64.ActiveCfg = Release|Any CPU
		{DE3463B1-4D9F-4AD5-89FC-9F6055724566}.Release|x64.Build.0 = Release|Any CPU
		{DE3463B1-4D9F-4AD5-89FC-9F6055724566}.Release|x86.ActiveCfg = Release|Any CPU
		{DE3463B1-4D9F-4AD5-89FC-9F6055724566}.Release|x86.Build.0 = Release|Any CPU
		{F8A57B41-348A-4718-AE36-FDEF50CB45F2}.Debug|Any CPU.ActiveCfg = Debug|Any CPU
		{F8A57B41-348A-4718-AE36-FDEF50CB45F2}.Debug|Any CPU.Build.0 = Debug|Any CPU
		{F8A57B41-348A-4718-AE36-FDEF50CB45F2}.Debug|x64.ActiveCfg = Debug|Any CPU
		{F8A57B41-348A-4718-AE36-FDEF50CB45F2}.Debug|x64.Build.0 = Debug|Any CPU
		{F8A57B41-348A-4718-AE36-FDEF50CB45F2}.Debug|x86.ActiveCfg = Debug|Any CPU
		{F8A57B41-348A-4718-AE36-FDEF50CB45F2}.Debug|x86.Build.0 = Debug|Any CPU
		{F8A57B41-348A-4718-AE36-FDEF50CB45F2}.Release|Any CPU.ActiveCfg = Release|Any CPU
		{F8A57B41-348A-4718-AE36-FDEF50CB45F2}.Release|Any CPU.Build.0 = Release|Any CPU
		{F8A57B41-348A-4718-AE36-FDEF50CB45F2}.Release|x64.ActiveCfg = Release|Any CPU
		{F8A57B41-348A-4718-AE36-FDEF50CB45F2}.Release|x64.Build.0 = Release|Any CPU
		{F8A57B41-348A-4718-AE36-FDEF50CB45F2}.Release|x86.ActiveCfg = Release|Any CPU
		{F8A57B41-348A-4718-AE36-FDEF50CB45F2}.Release|x86.Build.0 = Release|Any CPU
		{FC483C5A-3AF6-4187-A923-3031869AB23A}.Debug|Any CPU.ActiveCfg = Debug|Any CPU
		{FC483C5A-3AF6-4187-A923-3031869AB23A}.Debug|Any CPU.Build.0 = Debug|Any CPU
		{FC483C5A-3AF6-4187-A923-3031869AB23A}.Debug|x64.ActiveCfg = Debug|Any CPU
		{FC483C5A-3AF6-4187-A923-3031869AB23A}.Debug|x64.Build.0 = Debug|Any CPU
		{FC483C5A-3AF6-4187-A923-3031869AB23A}.Debug|x86.ActiveCfg = Debug|Any CPU
		{FC483C5A-3AF6-4187-A923-3031869AB23A}.Debug|x86.Build.0 = Debug|Any CPU
		{FC483C5A-3AF6-4187-A923-3031869AB23A}.Release|Any CPU.ActiveCfg = Release|Any CPU
		{FC483C5A-3AF6-4187-A923-3031869AB23A}.Release|Any CPU.Build.0 = Release|Any CPU
		{FC483C5A-3AF6-4187-A923-3031869AB23A}.Release|x64.ActiveCfg = Release|Any CPU
		{FC483C5A-3AF6-4187-A923-3031869AB23A}.Release|x64.Build.0 = Release|Any CPU
		{FC483C5A-3AF6-4187-A923-3031869AB23A}.Release|x86.ActiveCfg = Release|Any CPU
		{FC483C5A-3AF6-4187-A923-3031869AB23A}.Release|x86.Build.0 = Release|Any CPU
		{64C32F53-2DE4-4293-9787-65A22FE3B58D}.Debug|Any CPU.ActiveCfg = Debug|Any CPU
		{64C32F53-2DE4-4293-9787-65A22FE3B58D}.Debug|Any CPU.Build.0 = Debug|Any CPU
		{64C32F53-2DE4-4293-9787-65A22FE3B58D}.Debug|x64.ActiveCfg = Debug|Any CPU
		{64C32F53-2DE4-4293-9787-65A22FE3B58D}.Debug|x64.Build.0 = Debug|Any CPU
		{64C32F53-2DE4-4293-9787-65A22FE3B58D}.Debug|x86.ActiveCfg = Debug|Any CPU
		{64C32F53-2DE4-4293-9787-65A22FE3B58D}.Debug|x86.Build.0 = Debug|Any CPU
		{64C32F53-2DE4-4293-9787-65A22FE3B58D}.Release|Any CPU.ActiveCfg = Release|Any CPU
		{64C32F53-2DE4-4293-9787-65A22FE3B58D}.Release|Any CPU.Build.0 = Release|Any CPU
		{64C32F53-2DE4-4293-9787-65A22FE3B58D}.Release|x64.ActiveCfg = Release|Any CPU
		{64C32F53-2DE4-4293-9787-65A22FE3B58D}.Release|x64.Build.0 = Release|Any CPU
		{64C32F53-2DE4-4293-9787-65A22FE3B58D}.Release|x86.ActiveCfg = Release|Any CPU
		{64C32F53-2DE4-4293-9787-65A22FE3B58D}.Release|x86.Build.0 = Release|Any CPU
		{F21CB343-1C68-4BE0-89EC-5FBCD702C7AB}.Debug|Any CPU.ActiveCfg = Debug|Any CPU
		{F21CB343-1C68-4BE0-89EC-5FBCD702C7AB}.Debug|Any CPU.Build.0 = Debug|Any CPU
		{F21CB343-1C68-4BE0-89EC-5FBCD702C7AB}.Debug|x64.ActiveCfg = Debug|Any CPU
		{F21CB343-1C68-4BE0-89EC-5FBCD702C7AB}.Debug|x64.Build.0 = Debug|Any CPU
		{F21CB343-1C68-4BE0-89EC-5FBCD702C7AB}.Debug|x86.ActiveCfg = Debug|Any CPU
		{F21CB343-1C68-4BE0-89EC-5FBCD702C7AB}.Debug|x86.Build.0 = Debug|Any CPU
		{F21CB343-1C68-4BE0-89EC-5FBCD702C7AB}.Release|Any CPU.ActiveCfg = Release|Any CPU
		{F21CB343-1C68-4BE0-89EC-5FBCD702C7AB}.Release|Any CPU.Build.0 = Release|Any CPU
		{F21CB343-1C68-4BE0-89EC-5FBCD702C7AB}.Release|x64.ActiveCfg = Release|Any CPU
		{F21CB343-1C68-4BE0-89EC-5FBCD702C7AB}.Release|x64.Build.0 = Release|Any CPU
		{F21CB343-1C68-4BE0-89EC-5FBCD702C7AB}.Release|x86.ActiveCfg = Release|Any CPU
		{F21CB343-1C68-4BE0-89EC-5FBCD702C7AB}.Release|x86.Build.0 = Release|Any CPU
		{D80104C0-2D71-412E-AB44-8D1309586354}.Debug|Any CPU.ActiveCfg = Debug|Any CPU
		{D80104C0-2D71-412E-AB44-8D1309586354}.Debug|Any CPU.Build.0 = Debug|Any CPU
		{D80104C0-2D71-412E-AB44-8D1309586354}.Debug|x64.ActiveCfg = Debug|Any CPU
		{D80104C0-2D71-412E-AB44-8D1309586354}.Debug|x64.Build.0 = Debug|Any CPU
		{D80104C0-2D71-412E-AB44-8D1309586354}.Debug|x86.ActiveCfg = Debug|Any CPU
		{D80104C0-2D71-412E-AB44-8D1309586354}.Debug|x86.Build.0 = Debug|Any CPU
		{D80104C0-2D71-412E-AB44-8D1309586354}.Release|Any CPU.ActiveCfg = Release|Any CPU
		{D80104C0-2D71-412E-AB44-8D1309586354}.Release|Any CPU.Build.0 = Release|Any CPU
		{D80104C0-2D71-412E-AB44-8D1309586354}.Release|x64.ActiveCfg = Release|Any CPU
		{D80104C0-2D71-412E-AB44-8D1309586354}.Release|x64.Build.0 = Release|Any CPU
		{D80104C0-2D71-412E-AB44-8D1309586354}.Release|x86.ActiveCfg = Release|Any CPU
		{D80104C0-2D71-412E-AB44-8D1309586354}.Release|x86.Build.0 = Release|Any CPU
		{0857ACEB-1BE5-4F13-BBF5-D4255744E608}.Debug|Any CPU.ActiveCfg = Debug|Any CPU
		{0857ACEB-1BE5-4F13-BBF5-D4255744E608}.Debug|Any CPU.Build.0 = Debug|Any CPU
		{0857ACEB-1BE5-4F13-BBF5-D4255744E608}.Debug|x64.ActiveCfg = Debug|Any CPU
		{0857ACEB-1BE5-4F13-BBF5-D4255744E608}.Debug|x64.Build.0 = Debug|Any CPU
		{0857ACEB-1BE5-4F13-BBF5-D4255744E608}.Debug|x86.ActiveCfg = Debug|Any CPU
		{0857ACEB-1BE5-4F13-BBF5-D4255744E608}.Debug|x86.Build.0 = Debug|Any CPU
		{0857ACEB-1BE5-4F13-BBF5-D4255744E608}.Release|Any CPU.ActiveCfg = Release|Any CPU
		{0857ACEB-1BE5-4F13-BBF5-D4255744E608}.Release|Any CPU.Build.0 = Release|Any CPU
		{0857ACEB-1BE5-4F13-BBF5-D4255744E608}.Release|x64.ActiveCfg = Release|Any CPU
		{0857ACEB-1BE5-4F13-BBF5-D4255744E608}.Release|x64.Build.0 = Release|Any CPU
		{0857ACEB-1BE5-4F13-BBF5-D4255744E608}.Release|x86.ActiveCfg = Release|Any CPU
		{0857ACEB-1BE5-4F13-BBF5-D4255744E608}.Release|x86.Build.0 = Release|Any CPU
		{2F4EAE3E-35FF-40BF-B0D4-02602D04A19F}.Debug|Any CPU.ActiveCfg = Debug|Any CPU
		{2F4EAE3E-35FF-40BF-B0D4-02602D04A19F}.Debug|Any CPU.Build.0 = Debug|Any CPU
		{2F4EAE3E-35FF-40BF-B0D4-02602D04A19F}.Debug|x64.ActiveCfg = Debug|Any CPU
		{2F4EAE3E-35FF-40BF-B0D4-02602D04A19F}.Debug|x64.Build.0 = Debug|Any CPU
		{2F4EAE3E-35FF-40BF-B0D4-02602D04A19F}.Debug|x86.ActiveCfg = Debug|Any CPU
		{2F4EAE3E-35FF-40BF-B0D4-02602D04A19F}.Debug|x86.Build.0 = Debug|Any CPU
		{2F4EAE3E-35FF-40BF-B0D4-02602D04A19F}.Release|Any CPU.ActiveCfg = Release|Any CPU
		{2F4EAE3E-35FF-40BF-B0D4-02602D04A19F}.Release|Any CPU.Build.0 = Release|Any CPU
		{2F4EAE3E-35FF-40BF-B0D4-02602D04A19F}.Release|x64.ActiveCfg = Release|Any CPU
		{2F4EAE3E-35FF-40BF-B0D4-02602D04A19F}.Release|x64.Build.0 = Release|Any CPU
		{2F4EAE3E-35FF-40BF-B0D4-02602D04A19F}.Release|x86.ActiveCfg = Release|Any CPU
		{2F4EAE3E-35FF-40BF-B0D4-02602D04A19F}.Release|x86.Build.0 = Release|Any CPU
	EndGlobalSection
	GlobalSection(NestedProjects) = preSolution
		{DE3463B1-4D9F-4AD5-89FC-9F6055724566} = {A61A5798-EB89-40BD-9634-B8343FD242EE}
		{F8A57B41-348A-4718-AE36-FDEF50CB45F2} = {A61A5798-EB89-40BD-9634-B8343FD242EE}
		{FC483C5A-3AF6-4187-A923-3031869AB23A} = {A61A5798-EB89-40BD-9634-B8343FD242EE}
		{64C32F53-2DE4-4293-9787-65A22FE3B58D} = {A61A5798-EB89-40BD-9634-B8343FD242EE}
		{F21CB343-1C68-4BE0-89EC-5FBCD702C7AB} = {D5CF31B7-321B-41A9-8FC0-BAE2DABD6AFB}
		{D80104C0-2D71-412E-AB44-8D1309586354} = {D5CF31B7-321B-41A9-8FC0-BAE2DABD6AFB}
		{0857ACEB-1BE5-4F13-BBF5-D4255744E608} = {D5CF31B7-321B-41A9-8FC0-BAE2DABD6AFB}
		{2F4EAE3E-35FF-40BF-B0D4-02602D04A19F} = {D5CF31B7-321B-41A9-8FC0-BAE2DABD6AFB}
	EndGlobalSection
EndGlobal
